
Microsoft Visual Studio Solution File, Format Version 11.00
# Visual Studio 2010
Project("{FAE04EC0-301F-11D3-BF4B-00C04F79EFBC}") = "Demo 2 - Add NHibernate", "Demo 2 - Add NHibernate\Demo 2 - Add NHibernate.csproj", "{2377CC34-9796-4CEC-ADA0-DF65A9F48667}"
EndProject
Global
	GlobalSection(SolutionConfigurationPlatforms) = preSolution
		Debug|Any CPU = Debug|Any CPU
		Release|Any CPU = Release|Any CPU
	EndGlobalSection
	GlobalSection(ProjectConfigurationPlatforms) = postSolution
		{2377CC34-9796-4CEC-ADA0-DF65A9F48667}.Debug|Any CPU.ActiveCfg = Debug|Any CPU
		{2377CC34-9796-4CEC-ADA0-DF65A9F48667}.Debug|Any CPU.Build.0 = Debug|Any CPU
		{2377CC34-9796-4CEC-ADA0-DF65A9F48667}.Release|Any CPU.ActiveCfg = Release|Any CPU
		{2377CC34-9796-4CEC-ADA0-DF65A9F48667}.Release|Any CPU.Build.0 = Release|Any CPU
	EndGlobalSection
	GlobalSection(SolutionProperties) = preSolution
		HideSolutionNode = FALSE
	EndGlobalSection
EndGlobal
